
Microsoft Visual Studio Solution File, Format Version 11.00
# Visual Studio 2010
Project("{FAE04EC0-301F-11D3-BF4B-00C04F79EFBC}") = "Please", "Assembly-CSharp.csproj", "{A0214A72-BF01-FFAC-04B1-8C7B319AEE8F}"
EndProject
Project("{FAE04EC0-301F-11D3-BF4B-00C04F79EFBC}") = "Please", "Assembly-CSharp-Editor.csproj", "{C2DE6652-3FA2-964D-C681-0C3EDA9D81DB}"
EndProject
Global
	GlobalSection(SolutionConfigurationPlatforms) = preSolution
		Debug|Any CPU = Debug|Any CPU
		Release|Any CPU = Release|Any CPU
	EndGlobalSection
	GlobalSection(ProjectConfigurationPlatforms) = postSolution
		{A0214A72-BF01-FFAC-04B1-8C7B319AEE8F}.Debug|Any CPU.ActiveCfg = Debug|Any CPU
		{A0214A72-BF01-FFAC-04B1-8C7B319AEE8F}.Debug|Any CPU.Build.0 = Debug|Any CPU
		{A0214A72-BF01-FFAC-04B1-8C7B319AEE8F}.Release|Any CPU.ActiveCfg = Release|Any CPU
		{A0214A72-BF01-FFAC-04B1-8C7B319AEE8F}.Release|Any CPU.Build.0 = Release|Any CPU
		{C2DE6652-3FA2-964D-C681-0C3EDA9D81DB}.Debug|Any CPU.ActiveCfg = Debug|Any CPU
		{C2DE6652-3FA2-964D-C681-0C3EDA9D81DB}.Debug|Any CPU.Build.0 = Debug|Any CPU
		{C2DE6652-3FA2-964D-C681-0C3EDA9D81DB}.Release|Any CPU.ActiveCfg = Release|Any CPU
		{C2DE6652-3FA2-964D-C681-0C3EDA9D81DB}.Release|Any CPU.Build.0 = Release|Any CPU
	EndGlobalSection
	GlobalSection(SolutionProperties) = preSolution
		HideSolutionNode = FALSE
	EndGlobalSection
	GlobalSection(MonoDevelopProperties) = preSolution
		StartupItem = Assembly-CSharp.csproj
	EndGlobalSection
EndGlobal
